
Microsoft Visual Studio Solution File, Format Version 12.00
# Visual Studio Version 16
VisualStudioVersion = 16.0.32126.315
MinimumVisualStudioVersion = 10.0.40219.1
Project("{FAE04EC0-301F-11D3-BF4B-00C04F79EFBC}") = "PersonalityTest", "PersonalityTest\PersonalityTest.csproj", "{7DE6D1C8-0257-4072-B092-3467D52DD97C}"
EndProject
Project("{FAE04EC0-301F-11D3-BF4B-00C04F79EFBC}") = "PersonalityTestSwitch", "PersonalityTestSwitch\PersonalityTestSwitch.csproj", "{33D3CF59-CD3E-4AEE-9200-5B93CBE78483}"
EndProject
Project("{FAE04EC0-301F-11D3-BF4B-00C04F79EFBC}") = "GradingIF", "GradingIF\GradingIF.csproj", "{18B142B2-3CF3-4A85-968F-D96573013E78}"
EndProject
Project("{FAE04EC0-301F-11D3-BF4B-00C04F79EFBC}") = "GradingSwitch", "GradingSwitch\GradingSwitch.csproj", "{0E290B5D-97A3-4660-9515-81E253829826}"
EndProject
Project("{FAE04EC0-301F-11D3-BF4B-00C04F79EFBC}") = "CatsAndDogs", "CatsAndDogs\CatsAndDogs.csproj", "{F4A68D15-D832-44BF-9173-4370EF265099}"
EndProject
Global
	GlobalSection(SolutionConfigurationPlatforms) = preSolution
		Debug|Any CPU = Debug|Any CPU
		Release|Any CPU = Release|Any CPU
	EndGlobalSection
	GlobalSection(ProjectConfigurationPlatforms) = postSolution
		{7DE6D1C8-0257-4072-B092-3467D52DD97C}.Debug|Any CPU.ActiveCfg = Debug|Any CPU
		{7DE6D1C8-0257-4072-B092-3467D52DD97C}.Debug|Any CPU.Build.0 = Debug|Any CPU
		{7DE6D1C8-0257-4072-B092-3467D52DD97C}.Release|Any CPU.ActiveCfg = Release|Any CPU
		{7DE6D1C8-0257-4072-B092-3467D52DD97C}.Release|Any CPU.Build.0 = Release|Any CPU
		{33D3CF59-CD3E-4AEE-9200-5B93CBE78483}.Debug|Any CPU.ActiveCfg = Debug|Any CPU
		{33D3CF59-CD3E-4AEE-9200-5B93CBE78483}.Debug|Any CPU.Build.0 = Debug|Any CPU
		{33D3CF59-CD3E-4AEE-9200-5B93CBE78483}.Release|Any CPU.ActiveCfg = Release|Any CPU
		{33D3CF59-CD3E-4AEE-9200-5B93CBE78483}.Release|Any CPU.Build.0 = Release|Any CPU
		{18B142B2-3CF3-4A85-968F-D96573013E78}.Debug|Any CPU.ActiveCfg = Debug|Any CPU
		{18B142B2-3CF3-4A85-968F-D96573013E78}.Debug|Any CPU.Build.0 = Debug|Any CPU
		{18B142B2-3CF3-4A85-968F-D96573013E78}.Release|Any CPU.ActiveCfg = Release|Any CPU
		{18B142B2-3CF3-4A85-968F-D96573013E78}.Release|Any CPU.Build.0 = Release|Any CPU
		{0E290B5D-97A3-4660-9515-81E253829826}.Debug|Any CPU.ActiveCfg = Debug|Any CPU
		{0E290B5D-97A3-4660-9515-81E253829826}.Debug|Any CPU.Build.0 = Debug|Any CPU
		{0E290B5D-97A3-4660-9515-81E253829826}.Release|Any CPU.ActiveCfg = Release|Any CPU
		{0E290B5D-97A3-4660-9515-81E253829826}.Release|Any CPU.Build.0 = Release|Any CPU
		{F4A68D15-D832-44BF-9173-4370EF265099}.Debug|Any CPU.ActiveCfg = Debug|Any CPU
		{F4A68D15-D832-44BF-9173-4370EF265099}.Debug|Any CPU.Build.0 = Debug|Any CPU
		{F4A68D15-D832-44BF-9173-4370EF265099}.Release|Any CPU.ActiveCfg = Release|Any CPU
		{F4A68D15-D832-44BF-9173-4370EF265099}.Release|Any CPU.Build.0 = Release|Any CPU
	EndGlobalSection
	GlobalSection(SolutionProperties) = preSolution
		HideSolutionNode = FALSE
	EndGlobalSection
	GlobalSection(ExtensibilityGlobals) = postSolution
		SolutionGuid = {AA8578DD-7381-40C7-9C92-ED15FEBA4DE4}
	EndGlobalSection
EndGlobal
